
Microsoft Visual Studio Solution File, Format Version 12.00
# Visual Studio 15
VisualStudioVersion = 15.0.27130.2036
MinimumVisualStudioVersion = 10.0.40219.1
Project("{FAE04EC0-301F-11D3-BF4B-00C04F79EFBC}") = "MemeGenerator", "MemeGenerator\MemeGenerator.csproj", "{366800BE-7507-4396-9D0C-A54CDB25B50D}"
EndProject
Project("{FAE04EC0-301F-11D3-BF4B-00C04F79EFBC}") = "PicturePlacer", "PicturePlacer\PicturePlacer.csproj", "{509B5260-F77F-443F-80A0-AE595A79511D}"
EndProject
Global
	GlobalSection(SolutionConfigurationPlatforms) = preSolution
		Debug|Any CPU = Debug|Any CPU
		Release|Any CPU = Release|Any CPU
	EndGlobalSection
	GlobalSection(ProjectConfigurationPlatforms) = postSolution
		{366800BE-7507-4396-9D0C-A54CDB25B50D}.Debug|Any CPU.ActiveCfg = Debug|Any CPU
		{366800BE-7507-4396-9D0C-A54CDB25B50D}.Debug|Any CPU.Build.0 = Debug|Any CPU
		{366800BE-7507-4396-9D0C-A54CDB25B50D}.Release|Any CPU.ActiveCfg = Release|Any CPU
		{366800BE-7507-4396-9D0C-A54CDB25B50D}.Release|Any CPU.Build.0 = Release|Any CPU
		{509B5260-F77F-443F-80A0-AE595A79511D}.Debug|Any CPU.ActiveCfg = Debug|Any CPU
		{509B5260-F77F-443F-80A0-AE595A79511D}.Debug|Any CPU.Build.0 = Debug|Any CPU
		{509B5260-F77F-443F-80A0-AE595A79511D}.Release|Any CPU.ActiveCfg = Release|Any CPU
		{509B5260-F77F-443F-80A0-AE595A79511D}.Release|Any CPU.Build.0 = Release|Any CPU
	EndGlobalSection
	GlobalSection(SolutionProperties) = preSolution
		HideSolutionNode = FALSE
	EndGlobalSection
	GlobalSection(ExtensibilityGlobals) = postSolution
		SolutionGuid = {C86FF2F0-D884-4EC0-A296-BBBDF0EEA1BF}
	EndGlobalSection
EndGlobal
